
Microsoft Visual Studio Solution File, Format Version 12.00
# Visual Studio Version 16
VisualStudioVersion = 16.0.30608.117
MinimumVisualStudioVersion = 10.0.40219.1
Project("{9A19103F-16F7-4668-BE54-9A1E7A4F7556}") = "LibCK3", "src\LibCK3.csproj", "{CC6A39FA-515F-4CB1-A445-6E1F64A4A5FB}"
EndProject
Project("{FAE04EC0-301F-11D3-BF4B-00C04F79EFBC}") = "LibCK3.Tests", "test\LibCK3.Tests\LibCK3.Tests.csproj", "{24FCF5A9-D310-4D69-9E71-57DDE5B0F15B}"
EndProject
Global
	GlobalSection(SolutionConfigurationPlatforms) = preSolution
		Debug|Any CPU = Debug|Any CPU
		Release|Any CPU = Release|Any CPU
	EndGlobalSection
	GlobalSection(ProjectConfigurationPlatforms) = postSolution
		{CC6A39FA-515F-4CB1-A445-6E1F64A4A5FB}.Debug|Any CPU.ActiveCfg = Debug|Any CPU
		{CC6A39FA-515F-4CB1-A445-6E1F64A4A5FB}.Debug|Any CPU.Build.0 = Debug|Any CPU
		{CC6A39FA-515F-4CB1-A445-6E1F64A4A5FB}.Release|Any CPU.ActiveCfg = Release|Any CPU
		{CC6A39FA-515F-4CB1-A445-6E1F64A4A5FB}.Release|Any CPU.Build.0 = Release|Any CPU
		{24FCF5A9-D310-4D69-9E71-57DDE5B0F15B}.Debug|Any CPU.ActiveCfg = Debug|Any CPU
		{24FCF5A9-D310-4D69-9E71-57DDE5B0F15B}.Debug|Any CPU.Build.0 = Debug|Any CPU
		{24FCF5A9-D310-4D69-9E71-57DDE5B0F15B}.Release|Any CPU.ActiveCfg = Release|Any CPU
		{24FCF5A9-D310-4D69-9E71-57DDE5B0F15B}.Release|Any CPU.Build.0 = Release|Any CPU
	EndGlobalSection
	GlobalSection(SolutionProperties) = preSolution
		HideSolutionNode = FALSE
	EndGlobalSection
	GlobalSection(ExtensibilityGlobals) = postSolution
		SolutionGuid = {C152F462-59AE-4A20-A26A-5E5CF4D03879}
	EndGlobalSection
EndGlobal
